<?xml version="1.0" encoding="utf-8"?>
<Project ToolsVersion="4.0" xmlns="http://schemas.microsoft.com/developer/msbuild/2003">
  <ItemGroup>
    <Filter Include="Source Files">
      <UniqueIdentifier>{4FC737F1-C7A5-4376-A066-2A32D752A2FF}</UniqueIdentifier>
      <Extensions>cpp;c;cc;cxx;c++;def;odl;idl;hpj;bat;asm;asmx</Extensions>
    </Filter>
    <Filter Include="Header Files">
      <UniqueIdentifier>{93995380-89BD-4b04-88EB-625FBE52EBFB}</UniqueIdentifier>
      <Extensions>h;hh;hpp;hxx;h++;hm;inl;inc;ipp;xsd</Extensions>
    </Filter>
    <Filter Include="Resource Files">
      <UniqueIdentifier>{67DA6AB6-F800-4c08-8B7A-83BB121AAD01}</UniqueIdentifier>
      <Extensions>rc;ico;cur;bmp;dlg;rc2;rct;bin;rgs;gif;jpg;jpeg;jpe;resx;tiff;tif;png;wav;mfcribbon-ms</Extensions>
    </Filter>
    <Filter Include="Source Files\Logger">
      <UniqueIdentifier>{79434a22-eff6-47e5-89b3-60b5be0af173}</UniqueIdentifier>
    </Filter>
    <Filter Include="Header Files\Logger">
      <UniqueIdentifier>{2a774ab0-8388-47a4-9ce2-c5ef464153af}</UniqueIdentifier>
    </Filter>
    <Filter Include="Source Files\Machine">
      <UniqueIdentifier>{f7e2a867-03c0-4773-a407-a95e14cb7e1a}</UniqueIdentifier>
    </Filter>
    <Filter Include="Source Files\Machine\CPU">
      <UniqueIdentifier>{191a6a73-d118-4f88-a99c-6ef0f3f74faf}</UniqueIdentifier>
    </Filter>
    <Filter Include="Header Files\Machine">
      <UniqueIdentifier>{c627030d-351b-46f4-94b0-93f34a24d314}</UniqueIdentifier>
    </Filter>
    <Filter Include="Header Files\Machine\CPU">
      <UniqueIdentifier>{77367788-a295-4e50-871f-332c167d545e}</UniqueIdentifier>
    </Filter>
    <Filter Include="Header Files\Machine\Memory">
      <UniqueIdentifier>{30c103df-325b-4594-bbb5-c461ceb56027}</UniqueIdentifier>
    </Filter>
    <Filter Include="Source Files\Machine\Memory">
      <UniqueIdentifier>{1f53001b-9049-4fa2-ac7f-8090dd434f0c}</UniqueIdentifier>
    </Filter>
    <Filter Include="Header Files\Machine\Misc">
      <UniqueIdentifier>{0e184d4c-c869-407f-885c-bdd2f91d8204}</UniqueIdentifier>
    </Filter>
    <Filter Include="Source Files\Utility">
      <UniqueIdentifier>{93ac8269-eaaa-4d5a-88d0-a5d3bfe6f977}</UniqueIdentifier>
    </Filter>
    <Filter Include="Header Files\Utility">
      <UniqueIdentifier>{909cce29-1112-49f9-9873-b4b1a8479233}</UniqueIdentifier>
    </Filter>
    <Filter Include="Source Files\Machine\Misc">
      <UniqueIdentifier>{a3c803bb-8496-4e59-b374-4d60098d208c}</UniqueIdentifier>
    </Filter>
    <Filter Include="Header Files\Machine\PPU">
      <UniqueIdentifier>{e1c5a9f0-5a5a-48b7-86e5-518b3b5deb84}</UniqueIdentifier>
    </Filter>
    <Filter Include="Source Files\Machine\PPU">
      <UniqueIdentifier>{c9517d78-0166-4144-aba4-3a8866ddec39}</UniqueIdentifier>
    </Filter>
    <Filter Include="Source Files\Machine\PPU\Registers">
      <UniqueIdentifier>{44291aa7-e188-4e7b-83e8-d5035f6992ee}</UniqueIdentifier>
    </Filter>
    <Filter Include="Header Files\Machine\PPU\Registers">
      <UniqueIdentifier>{32bfbee6-56a5-4606-8d39-07fc11f1eb48}</UniqueIdentifier>
    </Filter>
    <Filter Include="Header Files\Timing">
      <UniqueIdentifier>{cbdea81c-e4ee-408d-a863-31f40d829174}</UniqueIdentifier>
    </Filter>
    <Filter Include="Source Files\Timing">
      <UniqueIdentifier>{c888ca63-ae0b-4df2-a8f3-c4f5e2a77038}</UniqueIdentifier>
    </Filter>
    <Filter Include="Source Files\Machine\PPU\Display">
      <UniqueIdentifier>{1e204dd8-2f80-4a22-8b07-3659cd2aeb7a}</UniqueIdentifier>
    </Filter>
    <Filter Include="Header Files\Machine\PPU\Display">
      <UniqueIdentifier>{f28efa02-490e-40cd-911f-fc8b0f1765af}</UniqueIdentifier>
    </Filter>
    <Filter Include="Header Files\Machine\Input">
      <UniqueIdentifier>{76268196-535a-4137-9666-68a93bb83a80}</UniqueIdentifier>
    </Filter>
    <Filter Include="Source Files\Machine\Input">
      <UniqueIdentifier>{37f31363-ad2a-47a7-afeb-d3479980eb15}</UniqueIdentifier>
    </Filter>
    <Filter Include="Source Files\Machine\APU">
      <UniqueIdentifier>{91e307ef-6ded-4898-9eed-8469bee7b37b}</UniqueIdentifier>
    </Filter>
    <Filter Include="Header Files\Machine\APU">
      <UniqueIdentifier>{e7ff69b8-20b2-4f83-bc5b-8109cad5b566}</UniqueIdentifier>
    </Filter>
  </ItemGroup>
  <ItemGroup>
    <ClCompile Include="src\main.cpp">
      <Filter>Source Files</Filter>
    </ClCompile>
    <ClCompile Include="src\logger\logger.cpp">
      <Filter>Source Files\Logger</Filter>
    </ClCompile>
    <ClCompile Include="src\machine\cpu\cpu.cpp">
      <Filter>Source Files\Machine\CPU</Filter>
    </ClCompile>
    <ClCompile Include="src\machine\memory\memory.cpp">
      <Filter>Source Files\Machine\Memory</Filter>
    </ClCompile>
    <ClCompile Include="src\machine\cpu\flags.cpp">
      <Filter>Source Files\Machine\CPU</Filter>
    </ClCompile>
    <ClCompile Include="src\utility\utility.cpp">
      <Filter>Source Files\Utility</Filter>
    </ClCompile>
    <ClCompile Include="src\machine\cpu\opcodes.cpp">
      <Filter>Source Files\Machine\CPU</Filter>
    </ClCompile>
    <ClCompile Include="src\machine\misc\instruction.cpp">
      <Filter>Source Files\Machine\Misc</Filter>
    </ClCompile>
    <ClCompile Include="src\machine\cpu\is_load.cpp">
      <Filter>Source Files\Machine\CPU</Filter>
    </ClCompile>
    <ClCompile Include="src\machine\cpu\register.cpp">
      <Filter>Source Files\Machine\CPU</Filter>
    </ClCompile>
    <ClCompile Include="src\machine\machine.cpp">
      <Filter>Source Files\Machine</Filter>
    </ClCompile>
    <ClCompile Include="src\machine\ppu\ppu.cpp">
      <Filter>Source Files\Machine\PPU</Filter>
    </ClCompile>
    <ClCompile Include="src\machine\ppu\ppuaddr.cpp">
      <Filter>Source Files\Machine\PPU\Registers</Filter>
    </ClCompile>
    <ClCompile Include="src\machine\ppu\ppudata.cpp">
      <Filter>Source Files\Machine\PPU\Registers</Filter>
    </ClCompile>
    <ClCompile Include="src\machine\ppu\ppuctrl.cpp">
      <Filter>Source Files\Machine\PPU\Registers</Filter>
    </ClCompile>
    <ClCompile Include="src\machine\ppu\ppumask.cpp">
      <Filter>Source Files\Machine\PPU\Registers</Filter>
    </ClCompile>
    <ClCompile Include="src\machine\ppu\ppustatus.cpp">
      <Filter>Source Files\Machine\PPU\Registers</Filter>
    </ClCompile>
    <ClCompile Include="src\machine\ppu\ppuscroll.cpp">
      <Filter>Source Files\Machine\PPU\Registers</Filter>
    </ClCompile>
    <ClCompile Include="src\timing\frame.cpp">
      <Filter>Source Files\Timing</Filter>
    </ClCompile>
    <ClCompile Include="src\timing\timer.cpp">
      <Filter>Source Files\Timing</Filter>
    </ClCompile>
    <ClCompile Include="src\machine\ppu\display\display.cpp">
      <Filter>Source Files\Machine\PPU\Display</Filter>
    </ClCompile>
    <ClCompile Include="src\machine\ppu\display\palette.cpp">
      <Filter>Source Files\Machine\PPU\Display</Filter>
    </ClCompile>
    <ClCompile Include="src\machine\input\input.cpp">
      <Filter>Source Files\Machine\Input</Filter>
    </ClCompile>
    <ClCompile Include="src\machine\input\joypad.cpp">
      <Filter>Source Files\Machine\Input</Filter>
    </ClCompile>
    <ClCompile Include="src\machine\apu\apu.cpp">
      <Filter>Source Files\Machine\APU</Filter>
    </ClCompile>
    <ClCompile Include="src\machine\apu\pulse_channel.cpp">
      <Filter>Source Files\Machine\APU</Filter>
    </ClCompile>
    <ClCompile Include="src\machine\apu\triangle_channel.cpp">
      <Filter>Source Files\Machine\APU</Filter>
    </ClCompile>
    <ClCompile Include="src\machine\apu\frame_counter.cpp">
      <Filter>Source Files\Machine\APU</Filter>
    </ClCompile>
  </ItemGroup>
  <ItemGroup>
    <ClInclude Include="src\logger\logger.h">
      <Filter>Header Files\Logger</Filter>
    </ClInclude>
    <ClInclude Include="src\machine\machine.h">
      <Filter>Header Files\Machine</Filter>
    </ClInclude>
    <ClInclude Include="src\machine\cpu\cpu.h">
      <Filter>Header Files\Machine\CPU</Filter>
    </ClInclude>
    <ClInclude Include="src\machine\cpu\register.h">
      <Filter>Header Files\Machine\CPU</Filter>
    </ClInclude>
    <ClInclude Include="src\machine\memory\memory.h">
      <Filter>Header Files\Machine\Memory</Filter>
    </ClInclude>
    <ClInclude Include="src\machine\cpu\flags.h">
      <Filter>Header Files\Machine\CPU</Filter>
    </ClInclude>
    <ClInclude Include="src\machine\misc\instruction.h">
      <Filter>Header Files\Machine\Misc</Filter>
    </ClInclude>
    <ClInclude Include="src\machine\cpu\addressingmode.h">
      <Filter>Header Files\Machine\CPU</Filter>
    </ClInclude>
    <ClInclude Include="src\utility\utility.h">
      <Filter>Header Files\Utility</Filter>
    </ClInclude>
    <ClInclude Include="src\machine\cpu\opcodes.h">
      <Filter>Header Files\Machine\CPU</Filter>
    </ClInclude>
    <ClInclude Include="src\machine\misc\nes_data.h">
      <Filter>Header Files\Machine\Misc</Filter>
    </ClInclude>
    <ClInclude Include="src\machine\ppu\ppu.h">
      <Filter>Header Files\Machine\PPU</Filter>
    </ClInclude>
    <ClInclude Include="src\machine\ppu\ppuaddr.h">
      <Filter>Header Files\Machine\PPU\Registers</Filter>
    </ClInclude>
    <ClInclude Include="src\machine\ppu\ppuctrl.h">
      <Filter>Header Files\Machine\PPU\Registers</Filter>
    </ClInclude>
    <ClInclude Include="src\machine\ppu\ppudata.h">
      <Filter>Header Files\Machine\PPU\Registers</Filter>
    </ClInclude>
    <ClInclude Include="src\machine\ppu\ppumask.h">
      <Filter>Header Files\Machine\PPU\Registers</Filter>
    </ClInclude>
    <ClInclude Include="src\machine\ppu\ppuscroll.h">
      <Filter>Header Files\Machine\PPU\Registers</Filter>
    </ClInclude>
    <ClInclude Include="src\machine\ppu\ppustatus.h">
      <Filter>Header Files\Machine\PPU\Registers</Filter>
    </ClInclude>
    <ClInclude Include="src\machine\ppu\ppuregisters.h">
      <Filter>Header Files\Machine\PPU</Filter>
    </ClInclude>
    <ClInclude Include="src\timing\frame.h">
      <Filter>Header Files\Timing</Filter>
    </ClInclude>
    <ClInclude Include="src\timing\timer.h">
      <Filter>Header Files\Timing</Filter>
    </ClInclude>
    <ClInclude Include="src\machine\ppu\display\display.h">
      <Filter>Header Files\Machine\PPU\Display</Filter>
    </ClInclude>
    <ClInclude Include="src\machine\ppu\display\palette.h">
      <Filter>Header Files\Machine\PPU\Display</Filter>
    </ClInclude>
    <ClInclude Include="src\machine\input\input.h">
      <Filter>Header Files\Machine\Input</Filter>
    </ClInclude>
    <ClInclude Include="src\machine\misc\machine_status.h">
      <Filter>Header Files\Machine\Misc</Filter>
    </ClInclude>
    <ClInclude Include="src\machine\input\joypad.h">
      <Filter>Header Files\Machine\Input</Filter>
    </ClInclude>
    <ClInclude Include="src\machine\misc\constants.h">
      <Filter>Header Files\Machine\Misc</Filter>
    </ClInclude>
    <ClInclude Include="src\machine\apu\apu.h">
      <Filter>Header Files\Machine\APU</Filter>
    </ClInclude>
    <ClInclude Include="src\machine\apu\frame_counter.h">
      <Filter>Header Files\Machine\APU</Filter>
    </ClInclude>
    <ClInclude Include="src\machine\apu\pulse_channel.h">
      <Filter>Header Files\Machine\APU</Filter>
    </ClInclude>
    <ClInclude Include="src\machine\apu\triangle_channel.h">
      <Filter>Header Files\Machine\APU</Filter>
    </ClInclude>
  </ItemGroup>
</Project>